// !$*UTF8*$!
{
	archiveVersion = 1;
	classes = {
	};
	objectVersion = 50;
	objects = {

/* Begin PBXBuildFile section */
		C4712E32238DBCA7002C73BA /* AppDelegate.swift in Sources */ = {isa = PBXBuildFile; fileRef = C4712E31238DBCA7002C73BA /* AppDelegate.swift */; };
		C4712E34238DBCA7002C73BA /* SceneDelegate.swift in Sources */ = {isa = PBXBuildFile; fileRef = C4712E33238DBCA7002C73BA /* SceneDelegate.swift */; };
		C4712E36238DBCA7002C73BA /* ColourViewController.swift in Sources */ = {isa = PBXBuildFile; fileRef = C4712E35238DBCA7002C73BA /* ColourViewController.swift */; };
		C4712E39238DBCA7002C73BA /* Main.storyboard in Resources */ = {isa = PBXBuildFile; fileRef = C4712E37238DBCA7002C73BA /* Main.storyboard */; };
		C4712E3B238DBCAB002C73BA /* Assets.xcassets in Resources */ = {isa = PBXBuildFile; fileRef = C4712E3A238DBCAB002C73BA /* Assets.xcassets */; };
		C4712E3E238DBCAB002C73BA /* LaunchScreen.storyboard in Resources */ = {isa = PBXBuildFile; fileRef = C4712E3C238DBCAB002C73BA /* LaunchScreen.storyboard */; };
		C4712E48238DD375002C73BA /* WeatherViewController.swift in Sources */ = {isa = PBXBuildFile; fileRef = C4712E47238DD375002C73BA /* WeatherViewController.swift */; };
		C4712E4A238DD3E3002C73BA /* RandomViewController.swift in Sources */ = {isa = PBXBuildFile; fileRef = C4712E49238DD3E3002C73BA /* RandomViewController.swift */; };
		C4A1E009238EAE23000DD593 /* ColourData.json in Resources */ = {isa = PBXBuildFile; fileRef = C4A1E008238EAE23000DD593 /* ColourData.json */; };
		C4A1E00B238EB21E000DD593 /* RandomData.json in Resources */ = {isa = PBXBuildFile; fileRef = C4A1E00A238EB21E000DD593 /* RandomData.json */; };
		C4A1E00D238ECC1A000DD593 /* WeatherData.json in Resources */ = {isa = PBXBuildFile; fileRef = C4A1E00C238ECC1A000DD593 /* WeatherData.json */; };
		C4A1E00F238ECCE4000DD593 /* Weather.swift in Sources */ = {isa = PBXBuildFile; fileRef = C4A1E00E238ECCE4000DD593 /* Weather.swift */; };
		C4A1E011238ECCED000DD593 /* Colour.swift in Sources */ = {isa = PBXBuildFile; fileRef = C4A1E010238ECCED000DD593 /* Colour.swift */; };
		C4A1E013238ECCFA000DD593 /* RandomPerson.swift in Sources */ = {isa = PBXBuildFile; fileRef = C4A1E012238ECCFA000DD593 /* RandomPerson.swift */; };
		C4A1E015238ED765000DD593 /* SecondStoryboard.storyboard in Resources */ = {isa = PBXBuildFile; fileRef = C4A1E014238ED765000DD593 /* SecondStoryboard.storyboard */; };
		C4A1E017238ED792000DD593 /* DetailedWeatherViewController.swift in Sources */ = {isa = PBXBuildFile; fileRef = C4A1E016238ED792000DD593 /* DetailedWeatherViewController.swift */; };
		C4A1E019238ED7AE000DD593 /* DetailedColourViewController.swift in Sources */ = {isa = PBXBuildFile; fileRef = C4A1E018238ED7AE000DD593 /* DetailedColourViewController.swift */; };
		C4A1E01B238ED7C6000DD593 /* DetailedRandomViewController.swift in Sources */ = {isa = PBXBuildFile; fileRef = C4A1E01A238ED7C6000DD593 /* DetailedRandomViewController.swift */; };
/* End PBXBuildFile section */

/* Begin PBXFileReference section */
		C4712E2E238DBCA7002C73BA /* ParsingJSON.app */ = {isa = PBXFileReference; explicitFileType = wrapper.application; includeInIndex = 0; path = ParsingJSON.app; sourceTree = BUILT_PRODUCTS_DIR; };
		C4712E31238DBCA7002C73BA /* AppDelegate.swift */ = {isa = PBXFileReference; lastKnownFileType = sourcecode.swift; path = AppDelegate.swift; sourceTree = "<group>"; };
		C4712E33238DBCA7002C73BA /* SceneDelegate.swift */ = {isa = PBXFileReference; lastKnownFileType = sourcecode.swift; path = SceneDelegate.swift; sourceTree = "<group>"; };
		C4712E35238DBCA7002C73BA /* ColourViewController.swift */ = {isa = PBXFileReference; lastKnownFileType = sourcecode.swift; path = ColourViewController.swift; sourceTree = "<group>"; };
		C4712E38238DBCA7002C73BA /* Base */ = {isa = PBXFileReference; lastKnownFileType = file.storyboard; name = Base; path = Base.lproj/Main.storyboard; sourceTree = "<group>"; };
		C4712E3A238DBCAB002C73BA /* Assets.xcassets */ = {isa = PBXFileReference; lastKnownFileType = folder.assetcatalog; path = Assets.xcassets; sourceTree = "<group>"; };
		C4712E3D238DBCAB002C73BA /* Base */ = {isa = PBXFileReference; lastKnownFileType = file.storyboard; name = Base; path = Base.lproj/LaunchScreen.storyboard; sourceTree = "<group>"; };
		C4712E3F238DBCAB002C73BA /* Info.plist */ = {isa = PBXFileReference; lastKnownFileType = text.plist.xml; path = Info.plist; sourceTree = "<group>"; };
		C4712E47238DD375002C73BA /* WeatherViewController.swift */ = {isa = PBXFileReference; lastKnownFileType = sourcecode.swift; path = WeatherViewController.swift; sourceTree = "<group>"; };
		C4712E49238DD3E3002C73BA /* RandomViewController.swift */ = {isa = PBXFileReference; lastKnownFileType = sourcecode.swift; path = RandomViewController.swift; sourceTree = "<group>"; };
		C4A1E008238EAE23000DD593 /* ColourData.json */ = {isa = PBXFileReference; lastKnownFileType = text.json; path = ColourData.json; sourceTree = "<group>"; };
		C4A1E00A238EB21E000DD593 /* RandomData.json */ = {isa = PBXFileReference; lastKnownFileType = text.json; path = RandomData.json; sourceTree = "<group>"; };
		C4A1E00C238ECC1A000DD593 /* WeatherData.json */ = {isa = PBXFileReference; lastKnownFileType = text.json; path = WeatherData.json; sourceTree = "<group>"; };
		C4A1E00E238ECCE4000DD593 /* Weather.swift */ = {isa = PBXFileReference; lastKnownFileType = sourcecode.swift; path = Weather.swift; sourceTree = "<group>"; };
		C4A1E010238ECCED000DD593 /* Colour.swift */ = {isa = PBXFileReference; lastKnownFileType = sourcecode.swift; path = Colour.swift; sourceTree = "<group>"; };
		C4A1E012238ECCFA000DD593 /* RandomPerson.swift */ = {isa = PBXFileReference; lastKnownFileType = sourcecode.swift; path = RandomPerson.swift; sourceTree = "<group>"; };
		C4A1E014238ED765000DD593 /* SecondStoryboard.storyboard */ = {isa = PBXFileReference; lastKnownFileType = file.storyboard; path = SecondStoryboard.storyboard; sourceTree = "<group>"; };
		C4A1E016238ED792000DD593 /* DetailedWeatherViewController.swift */ = {isa = PBXFileReference; lastKnownFileType = sourcecode.swift; path = DetailedWeatherViewController.swift; sourceTree = "<group>"; };
		C4A1E018238ED7AE000DD593 /* DetailedColourViewController.swift */ = {isa = PBXFileReference; lastKnownFileType = sourcecode.swift; path = DetailedColourViewController.swift; sourceTree = "<group>"; };
		C4A1E01A238ED7C6000DD593 /* DetailedRandomViewController.swift */ = {isa = PBXFileReference; lastKnownFileType = sourcecode.swift; path = DetailedRandomViewController.swift; sourceTree = "<group>"; };
/* End PBXFileReference section */

/* Begin PBXFrameworksBuildPhase section */
		C4712E2B238DBCA7002C73BA /* Frameworks */ = {
			isa = PBXFrameworksBuildPhase;
			buildActionMask = 2147483647;
			files = (
			);
			runOnlyForDeploymentPostprocessing = 0;
		};
/* End PBXFrameworksBuildPhase section */

/* Begin PBXGroup section */
		C4712E25238DBCA7002C73BA = {
			isa = PBXGroup;
			children = (
				C4712E30238DBCA7002C73BA /* ParsingJSON */,
				C4712E2F238DBCA7002C73BA /* Products */,
			);
			sourceTree = "<group>";
		};
		C4712E2F238DBCA7002C73BA /* Products */ = {
			isa = PBXGroup;
			children = (
				C4712E2E238DBCA7002C73BA /* ParsingJSON.app */,
			);
			name = Products;
			sourceTree = "<group>";
		};
		C4712E30238DBCA7002C73BA /* ParsingJSON */ = {
			isa = PBXGroup;
			children = (
				C4712E31238DBCA7002C73BA /* AppDelegate.swift */,
				C4712E33238DBCA7002C73BA /* SceneDelegate.swift */,
				C4A1E010238ECCED000DD593 /* Colour.swift */,
				C4712E35238DBCA7002C73BA /* ColourViewController.swift */,
				C4A1E018238ED7AE000DD593 /* DetailedColourViewController.swift */,
				C4A1E00E238ECCE4000DD593 /* Weather.swift */,
				C4712E47238DD375002C73BA /* WeatherViewController.swift */,
				C4A1E016238ED792000DD593 /* DetailedWeatherViewController.swift */,
				C4A1E012238ECCFA000DD593 /* RandomPerson.swift */,
				C4712E49238DD3E3002C73BA /* RandomViewController.swift */,
				C4A1E01A238ED7C6000DD593 /* DetailedRandomViewController.swift */,
				C4712E37238DBCA7002C73BA /* Main.storyboard */,
				C4A1E014238ED765000DD593 /* SecondStoryboard.storyboard */,
				C4A1E008238EAE23000DD593 /* ColourData.json */,
				C4A1E00C238ECC1A000DD593 /* WeatherData.json */,
				C4A1E00A238EB21E000DD593 /* RandomData.json */,
				C4712E3A238DBCAB002C73BA /* Assets.xcassets */,
				C4712E3C238DBCAB002C73BA /* LaunchScreen.storyboard */,
				C4712E3F238DBCAB002C73BA /* Info.plist */,
			);
			path = ParsingJSON;
			sourceTree = "<group>";
		};
/* End PBXGroup section */

/* Begin PBXNativeTarget section */
		C4712E2D238DBCA7002C73BA /* ParsingJSON */ = {
			isa = PBXNativeTarget;
			buildConfigurationList = C4712E42238DBCAB002C73BA /* Build configuration list for PBXNativeTarget "ParsingJSON" */;
			buildPhases = (
				C4712E2A238DBCA7002C73BA /* Sources */,
				C4712E2B238DBCA7002C73BA /* Frameworks */,
				C4712E2C238DBCA7002C73BA /* Resources */,
			);
			buildRules = (
			);
			dependencies = (
			);
			name = ParsingJSON;
			productName = ParsingJSON;
			productReference = C4712E2E238DBCA7002C73BA /* ParsingJSON.app */;
			productType = "com.apple.product-type.application";
		};
/* End PBXNativeTarget section */

/* Begin PBXProject section */
		C4712E26238DBCA7002C73BA /* Project object */ = {
			isa = PBXProject;
			attributes = {
				LastSwiftUpdateCheck = 1120;
				LastUpgradeCheck = 1120;
				ORGANIZATIONNAME = "Cameron Rivera";
				TargetAttributes = {
					C4712E2D238DBCA7002C73BA = {
						CreatedOnToolsVersion = 11.2.1;
					};
				};
			};
			buildConfigurationList = C4712E29238DBCA7002C73BA /* Build configuration list for PBXProject "ParsingJSON" */;
			compatibilityVersion = "Xcode 9.3";
			developmentRegion = en;
			hasScannedForEncodings = 0;
			knownRegions = (
				en,
				Base,
			);
			mainGroup = C4712E25238DBCA7002C73BA;
			productRefGroup = C4712E2F238DBCA7002C73BA /* Products */;
			projectDirPath = "";
			projectRoot = "";
			targets = (
				C4712E2D238DBCA7002C73BA /* ParsingJSON */,
			);
		};
/* End PBXProject section */

/* Begin PBXResourcesBuildPhase section */
		C4712E2C238DBCA7002C73BA /* Resources */ = {
			isa = PBXResourcesBuildPhase;
			buildActionMask = 2147483647;
			files = (
				C4A1E00D238ECC1A000DD593 /* WeatherData.json in Resources */,
				C4712E3E238DBCAB002C73BA /* LaunchScreen.storyboard in Resources */,
				C4A1E009238EAE23000DD593 /* ColourData.json in Resources */,
				C4A1E00B238EB21E000DD593 /* RandomData.json in Resources */,
				C4712E3B238DBCAB002C73BA /* Assets.xcassets in Resources */,
				C4A1E015238ED765000DD593 /* SecondStoryboard.storyboard in Resources */,
				C4712E39238DBCA7002C73BA /* Main.storyboard in Resources */,
			);
			runOnlyForDeploymentPostprocessing = 0;
		};
/* End PBXResourcesBuildPhase section */

/* Begin PBXSourcesBuildPhase section */
		C4712E2A238DBCA7002C73BA /* Sources */ = {
			isa = PBXSourcesBuildPhase;
			buildActionMask = 2147483647;
			files = (
				C4A1E01B238ED7C6000DD593 /* DetailedRandomViewController.swift in Sources */,
				C4712E4A238DD3E3002C73BA /* RandomViewController.swift in Sources */,
				C4A1E011238ECCED000DD593 /* Colour.swift in Sources */,
				C4712E36238DBCA7002C73BA /* ColourViewController.swift in Sources */,
				C4A1E017238ED792000DD593 /* DetailedWeatherViewController.swift in Sources */,
				C4712E48238DD375002C73BA /* WeatherViewController.swift in Sources */,
				C4712E32238DBCA7002C73BA /* AppDelegate.swift in Sources */,
				C4A1E013238ECCFA000DD593 /* RandomPerson.swift in Sources */,
				C4A1E00F238ECCE4000DD593 /* Weather.swift in Sources */,
				C4A1E019238ED7AE000DD593 /* DetailedColourViewController.swift in Sources */,
				C4712E34238DBCA7002C73BA /* SceneDelegate.swift in Sources */,
			);
			runOnlyForDeploymentPostprocessing = 0;
		};
/* End PBXSourcesBuildPhase section */

/* Begin PBXVariantGroup section */
		C4712E37238DBCA7002C73BA /* Main.storyboard */ = {
			isa = PBXVariantGroup;
			children = (
				C4712E38238DBCA7002C73BA /* Base */,
			);
			name = Main.storyboard;
			sourceTree = "<group>";
		};
		C4712E3C238DBCAB002C73BA /* LaunchScreen.storyboard */ = {
			isa = PBXVariantGroup;
			children = (
				C4712E3D238DBCAB002C73BA /* Base */,
			);
			name = LaunchScreen.storyboard;
			sourceTree = "<group>";
		};
/* End PBXVariantGroup section */

/* Begin XCBuildConfiguration section */
		C4712E40238DBCAB002C73BA /* Debug */ = {
			isa = XCBuildConfiguration;
			buildSettings = {
				ALWAYS_SEARCH_USER_PATHS = NO;
				CLANG_ANALYZER_NONNULL = YES;
				CLANG_ANALYZER_NUMBER_OBJECT_CONVERSION = YES_AGGRESSIVE;
				CLANG_CXX_LANGUAGE_STANDARD = "gnu++14";
				CLANG_CXX_LIBRARY = "libc++";
				CLANG_ENABLE_MODULES = YES;
				CLANG_ENABLE_OBJC_ARC = YES;
				CLANG_ENABLE_OBJC_WEAK = YES;
				CLANG_WARN_BLOCK_CAPTURE_AUTORELEASING = YES;
				CLANG_WARN_BOOL_CONVERSION = YES;
				CLANG_WARN_COMMA = YES;
				CLANG_WARN_CONSTANT_CONVERSION = YES;
				CLANG_WARN_DEPRECATED_OBJC_IMPLEMENTATIONS = YES;
				CLANG_WARN_DIRECT_OBJC_ISA_USAGE = YES_ERROR;
				CLANG_WARN_DOCUMENTATION_COMMENTS = YES;
				CLANG_WARN_EMPTY_BODY = YES;
				CLANG_WARN_ENUM_CONVERSION = YES;
				CLANG_WARN_INFINITE_RECURSION = YES;
				CLANG_WARN_INT_CONVERSION = YES;
				CLANG_WARN_NON_LITERAL_NULL_CONVERSION = YES;
				CLANG_WARN_OBJC_IMPLICIT_RETAIN_SELF = YES;
				CLANG_WARN_OBJC_LITERAL_CONVERSION = YES;
				CLANG_WARN_OBJC_ROOT_CLASS = YES_ERROR;
				CLANG_WARN_RANGE_LOOP_ANALYSIS = YES;
				CLANG_WARN_STRICT_PROTOTYPES = YES;
				CLANG_WARN_SUSPICIOUS_MOVE = YES;
				CLANG_WARN_UNGUARDED_AVAILABILITY = YES_AGGRESSIVE;
				CLANG_WARN_UNREACHABLE_CODE = YES;
				CLANG_WARN__DUPLICATE_METHOD_MATCH = YES;
				COPY_PHASE_STRIP = NO;
				DEBUG_INFORMATION_FORMAT = dwarf;
				ENABLE_STRICT_OBJC_MSGSEND = YES;
				ENABLE_TESTABILITY = YES;
				GCC_C_LANGUAGE_STANDARD = gnu11;
				GCC_DYNAMIC_NO_PIC = NO;
				GCC_NO_COMMON_BLOCKS = YES;
				GCC_OPTIMIZATION_LEVEL = 0;
				GCC_PREPROCESSOR_DEFINITIONS = (
					"DEBUG=1",
					"$(inherited)",
				);
				GCC_WARN_64_TO_32_BIT_CONVERSION = YES;
				GCC_WARN_ABOUT_RETURN_TYPE = YES_ERROR;
				GCC_WARN_UNDECLARED_SELECTOR = YES;
				GCC_WARN_UNINITIALIZED_AUTOS = YES_AGGRESSIVE;
				GCC_WARN_UNUSED_FUNCTION = YES;
				GCC_WARN_UNUSED_VARIABLE = YES;
				IPHONEOS_DEPLOYMENT_TARGET = 13.2;
				MTL_ENABLE_DEBUG_INFO = INCLUDE_SOURCE;
				MTL_FAST_MATH = YES;
				ONLY_ACTIVE_ARCH = YES;
				SDKROOT = iphoneos;
				SWIFT_ACTIVE_COMPILATION_CONDITIONS = DEBUG;
				SWIFT_OPTIMIZATION_LEVEL = "-Onone";
			};
			name = Debug;
		};
		C4712E41238DBCAB002C73BA /* Release */ = {
			isa = XCBuildConfiguration;
			buildSettings = {
				ALWAYS_SEARCH_USER_PATHS = NO;
				CLANG_ANALYZER_NONNULL = YES;
				CLANG_ANALYZER_NUMBER_OBJECT_CONVERSION = YES_AGGRESSIVE;
				CLANG_CXX_LANGUAGE_STANDARD = "gnu++14";
				CLANG_CXX_LIBRARY = "libc++";
				CLANG_ENABLE_MODULES = YES;
				CLANG_ENABLE_OBJC_ARC = YES;
				CLANG_ENABLE_OBJC_WEAK = YES;
				CLANG_WARN_BLOCK_CAPTURE_AUTORELEASING = YES;
				CLANG_WARN_BOOL_CONVERSION = YES;
				CLANG_WARN_COMMA = YES;
				CLANG_WARN_CONSTANT_CONVERSION = YES;
				CLANG_WARN_DEPRECATED_OBJC_IMPLEMENTATIONS = YES;
				CLANG_WARN_DIRECT_OBJC_ISA_USAGE = YES_ERROR;
				CLANG_WARN_DOCUMENTATION_COMMENTS = YES;
				CLANG_WARN_EMPTY_BODY = YES;
				CLANG_WARN_ENUM_CONVERSION = YES;
				CLANG_WARN_INFINITE_RECURSION = YES;
				CLANG_WARN_INT_CONVERSION = YES;
				CLANG_WARN_NON_LITERAL_NULL_CONVERSION = YES;
				CLANG_WARN_OBJC_IMPLICIT_RETAIN_SELF = YES;
				CLANG_WARN_OBJC_LITERAL_CONVERSION = YES;
				CLANG_WARN_OBJC_ROOT_CLASS = YES_ERROR;
				CLANG_WARN_RANGE_LOOP_ANALYSIS = YES;
				CLANG_WARN_STRICT_PROTOTYPES = YES;
				CLANG_WARN_SUSPICIOUS_MOVE = YES;
				CLANG_WARN_UNGUARDED_AVAILABILITY = YES_AGGRESSIVE;
				CLANG_WARN_UNREACHABLE_CODE = YES;
				CLANG_WARN__DUPLICATE_METHOD_MATCH = YES;
				COPY_PHASE_STRIP = NO;
				DEBUG_INFORMATION_FORMAT = "dwarf-with-dsym";
				ENABLE_NS_ASSERTIONS = NO;
				ENABLE_STRICT_OBJC_MSGSEND = YES;
				GCC_C_LANGUAGE_STANDARD = gnu11;
				GCC_NO_COMMON_BLOCKS = YES;
				GCC_WARN_64_TO_32_BIT_CONVERSION = YES;
				GCC_WARN_ABOUT_RETURN_TYPE = YES_ERROR;
				GCC_WARN_UNDECLARED_SELECTOR = YES;
				GCC_WARN_UNINITIALIZED_AUTOS = YES_AGGRESSIVE;
				GCC_WARN_UNUSED_FUNCTION = YES;
				GCC_WARN_UNUSED_VARIABLE = YES;
				IPHONEOS_DEPLOYMENT_TARGET = 13.2;
				MTL_ENABLE_DEBUG_INFO = NO;
				MTL_FAST_MATH = YES;
				SDKROOT = iphoneos;
				SWIFT_COMPILATION_MODE = wholemodule;
				SWIFT_OPTIMIZATION_LEVEL = "-O";
				VALIDATE_PRODUCT = YES;
			};
			name = Release;
		};
		C4712E43238DBCAB002C73BA /* Debug */ = {
			isa = XCBuildConfiguration;
			buildSettings = {
				ASSETCATALOG_COMPILER_APPICON_NAME = AppIcon;
				CODE_SIGN_STYLE = Automatic;
				DEVELOPMENT_TEAM = 6D2PJ2UC46;
				INFOPLIST_FILE = ParsingJSON/Info.plist;
				LD_RUNPATH_SEARCH_PATHS = (
					"$(inherited)",
					"@executable_path/Frameworks",
				);
				PRODUCT_BUNDLE_IDENTIFIER = com.cameronrivera.ParsingJSON;
				PRODUCT_NAME = "$(TARGET_NAME)";
				SWIFT_VERSION = 5.0;
				TARGETED_DEVICE_FAMILY = "1,2";
			};
			name = Debug;
		};
		C4712E44238DBCAB002C73BA /* Release */ = {
			isa = XCBuildConfiguration;
			buildSettings = {
				ASSETCATALOG_COMPILER_APPICON_NAME = AppIcon;
				CODE_SIGN_STYLE = Automatic;
				DEVELOPMENT_TEAM = 6D2PJ2UC46;
				INFOPLIST_FILE = ParsingJSON/Info.plist;
				LD_RUNPATH_SEARCH_PATHS = (
					"$(inherited)",
					"@executable_path/Frameworks",
				);
				PRODUCT_BUNDLE_IDENTIFIER = com.cameronrivera.ParsingJSON;
				PRODUCT_NAME = "$(TARGET_NAME)";
				SWIFT_VERSION = 5.0;
				TARGETED_DEVICE_FAMILY = "1,2";
			};
			name = Release;
		};
/* End XCBuildConfiguration section */

/* Begin XCConfigurationList section */
		C4712E29238DBCA7002C73BA /* Build configuration list for PBXProject "ParsingJSON" */ = {
			isa = XCConfigurationList;
			buildConfigurations = (
				C4712E40238DBCAB002C73BA /* Debug */,
				C4712E41238DBCAB002C73BA /* Release */,
			);
			defaultConfigurationIsVisible = 0;
			defaultConfigurationName = Release;
		};
		C4712E42238DBCAB002C73BA /* Build configuration list for PBXNativeTarget "ParsingJSON" */ = {
			isa = XCConfigurationList;
			buildConfigurations = (
				C4712E43238DBCAB002C73BA /* Debug */,
				C4712E44238DBCAB002C73BA /* Release */,
			);
			defaultConfigurationIsVisible = 0;
			defaultConfigurationName = Release;
		};
/* End XCConfigurationList section */
	};
	rootObject = C4712E26238DBCA7002C73BA /* Project object */;
}
